
Microsoft Visual Studio Solution File, Format Version 12.00
# Visual Studio Version 17
VisualStudioVersion = 17.6.33815.320
MinimumVisualStudioVersion = 10.0.40219.1
Project("{9A19103F-16F7-4668-BE54-9A1E7A4F7556}") = "RecipeApp", "RecipeApp\RecipeApp.csproj", "{22C05C23-26AE-4F8E-8AB6-EDB88461910B}"
EndProject
Project("{9A19103F-16F7-4668-BE54-9A1E7A4F7556}") = "IntegrationTests.RecipeApp.Tests", "IntegrationTests.RecipeApp.Tests\IntegrationTests.RecipeApp.Tests.csproj", "{13ED3C24-329E-49E0-BD40-B462BDD35F00}"
EndProject
Project("{9A19103F-16F7-4668-BE54-9A1E7A4F7556}") = "RecipeWebApi", "RecipeWebApi\RecipeWebApi.csproj", "{6BF7A10D-6AE4-4BC4-B065-154AA7CA84DA}"
EndProject
Project("{FAE04EC0-301F-11D3-BF4B-00C04F79EFBC}") = "RecipeApp.ClassLibrary", "RecipeApp.ClassLibrary\RecipeApp.ClassLibrary.csproj", "{685D5025-13AA-48BE-8BC4-B9377EFC7CB7}"
EndProject
Global
	GlobalSection(SolutionConfigurationPlatforms) = preSolution
		Debug|Any CPU = Debug|Any CPU
		Release|Any CPU = Release|Any CPU
	EndGlobalSection
	GlobalSection(ProjectConfigurationPlatforms) = postSolution
		{22C05C23-26AE-4F8E-8AB6-EDB88461910B}.Debug|Any CPU.ActiveCfg = Debug|Any CPU
		{22C05C23-26AE-4F8E-8AB6-EDB88461910B}.Debug|Any CPU.Build.0 = Debug|Any CPU
		{22C05C23-26AE-4F8E-8AB6-EDB88461910B}.Release|Any CPU.ActiveCfg = Release|Any CPU
		{22C05C23-26AE-4F8E-8AB6-EDB88461910B}.Release|Any CPU.Build.0 = Release|Any CPU
		{13ED3C24-329E-49E0-BD40-B462BDD35F00}.Debug|Any CPU.ActiveCfg = Debug|Any CPU
		{13ED3C24-329E-49E0-BD40-B462BDD35F00}.Debug|Any CPU.Build.0 = Debug|Any CPU
		{13ED3C24-329E-49E0-BD40-B462BDD35F00}.Release|Any CPU.ActiveCfg = Release|Any CPU
		{13ED3C24-329E-49E0-BD40-B462BDD35F00}.Release|Any CPU.Build.0 = Release|Any CPU
		{6BF7A10D-6AE4-4BC4-B065-154AA7CA84DA}.Debug|Any CPU.ActiveCfg = Debug|Any CPU
		{6BF7A10D-6AE4-4BC4-B065-154AA7CA84DA}.Debug|Any CPU.Build.0 = Debug|Any CPU
		{6BF7A10D-6AE4-4BC4-B065-154AA7CA84DA}.Release|Any CPU.ActiveCfg = Release|Any CPU
		{6BF7A10D-6AE4-4BC4-B065-154AA7CA84DA}.Release|Any CPU.Build.0 = Release|Any CPU
		{685D5025-13AA-48BE-8BC4-B9377EFC7CB7}.Debug|Any CPU.ActiveCfg = Debug|Any CPU
		{685D5025-13AA-48BE-8BC4-B9377EFC7CB7}.Debug|Any CPU.Build.0 = Debug|Any CPU
		{685D5025-13AA-48BE-8BC4-B9377EFC7CB7}.Release|Any CPU.ActiveCfg = Release|Any CPU
		{685D5025-13AA-48BE-8BC4-B9377EFC7CB7}.Release|Any CPU.Build.0 = Release|Any CPU
	EndGlobalSection
	GlobalSection(SolutionProperties) = preSolution
		HideSolutionNode = FALSE
	EndGlobalSection
	GlobalSection(ExtensibilityGlobals) = postSolution
		SolutionGuid = {53C05D81-35DD-4A6F-A06D-C4304E96A803}
	EndGlobalSection
EndGlobal
